
Microsoft Visual Studio Solution File, Format Version 12.00
# Visual Studio Version 17
VisualStudioVersion = 17.0.31903.59
MinimumVisualStudioVersion = 10.0.40219.1
Project("{FAE04EC0-301F-11D3-BF4B-00C04F79EFBC}") = "WindowsServiceBase", "WindowsServiceBase\WindowsServiceBase.csproj", "{D53C7766-A1F3-4670-A189-E6AB5CAAD4A6}"
EndProject
Project("{FAE04EC0-301F-11D3-BF4B-00C04F79EFBC}") = "WSConsoleTest", "WSConsoleTest\WSConsoleTest.csproj", "{95F72D10-CD09-4364-8446-CC19F7325723}"
EndProject
Global
	GlobalSection(SolutionConfigurationPlatforms) = preSolution
		Debug|Any CPU = Debug|Any CPU
		Release|Any CPU = Release|Any CPU
	EndGlobalSection
	GlobalSection(ProjectConfigurationPlatforms) = postSolution
		{D53C7766-A1F3-4670-A189-E6AB5CAAD4A6}.Debug|Any CPU.ActiveCfg = Debug|Any CPU
		{D53C7766-A1F3-4670-A189-E6AB5CAAD4A6}.Debug|Any CPU.Build.0 = Debug|Any CPU
		{D53C7766-A1F3-4670-A189-E6AB5CAAD4A6}.Release|Any CPU.ActiveCfg = Release|Any CPU
		{D53C7766-A1F3-4670-A189-E6AB5CAAD4A6}.Release|Any CPU.Build.0 = Release|Any CPU
		{95F72D10-CD09-4364-8446-CC19F7325723}.Debug|Any CPU.ActiveCfg = Debug|Any CPU
		{95F72D10-CD09-4364-8446-CC19F7325723}.Debug|Any CPU.Build.0 = Debug|Any CPU
		{95F72D10-CD09-4364-8446-CC19F7325723}.Release|Any CPU.ActiveCfg = Release|Any CPU
		{95F72D10-CD09-4364-8446-CC19F7325723}.Release|Any CPU.Build.0 = Release|Any CPU
	EndGlobalSection
	GlobalSection(SolutionProperties) = preSolution
		HideSolutionNode = FALSE
	EndGlobalSection
	GlobalSection(ExtensibilityGlobals) = postSolution
		SolutionGuid = {F403B75D-4752-4EB1-8AC6-5BBC37B118C1}
	EndGlobalSection
EndGlobal
